
Microsoft Visual Studio Solution File, Format Version 12.00
# Visual Studio Version 16
VisualStudioVersion = 16.0.29102.190
MinimumVisualStudioVersion = 10.0.40219.1
Project("{FAE04EC0-301F-11D3-BF4B-00C04F79EFBC}") = "FunctionMonkeyRepro", "src\FunctionMonkeyRepro\FunctionMonkeyRepro.csproj", "{4151D210-2C20-4113-B036-AA1EDA4808FC}"
EndProject
Global
	GlobalSection(SolutionConfigurationPlatforms) = preSolution
		Debug|Any CPU = Debug|Any CPU
		Release|Any CPU = Release|Any CPU
	EndGlobalSection
	GlobalSection(ProjectConfigurationPlatforms) = postSolution
		{4151D210-2C20-4113-B036-AA1EDA4808FC}.Debug|Any CPU.ActiveCfg = Debug|Any CPU
		{4151D210-2C20-4113-B036-AA1EDA4808FC}.Debug|Any CPU.Build.0 = Debug|Any CPU
		{4151D210-2C20-4113-B036-AA1EDA4808FC}.Release|Any CPU.ActiveCfg = Release|Any CPU
		{4151D210-2C20-4113-B036-AA1EDA4808FC}.Release|Any CPU.Build.0 = Release|Any CPU
	EndGlobalSection
	GlobalSection(SolutionProperties) = preSolution
		HideSolutionNode = FALSE
	EndGlobalSection
	GlobalSection(ExtensibilityGlobals) = postSolution
		SolutionGuid = {79D5BFC9-C8B4-445E-BC15-18DE426EDFD4}
	EndGlobalSection
EndGlobal
